// !$*UTF8*$!
{
	archiveVersion = 1;
	classes = {
	};
	objectVersion = 56;
	objects = {

/* Begin PBXBuildFile section */
		95717BC32C20BA6500636E29 /* HourlyForecastViewCell.swift in Sources */ = {isa = PBXBuildFile; fileRef = 95717BC22C20BA6500636E29 /* HourlyForecastViewCell.swift */; };
		95717BC52C20BE0800636E29 /* SetupViewContract.swift in Sources */ = {isa = PBXBuildFile; fileRef = 95717BC42C20BE0800636E29 /* SetupViewContract.swift */; };
		95717BCA2C20CAB400636E29 /* DailyForecastViewCell.swift in Sources */ = {isa = PBXBuildFile; fileRef = 95717BC92C20CAB400636E29 /* DailyForecastViewCell.swift */; };
		95717BCD2C20D68D00636E29 /* UIView+Extensions.swift in Sources */ = {isa = PBXBuildFile; fileRef = 95717BCC2C20D68D00636E29 /* UIView+Extensions.swift */; };
		95C4809D2C1B2AB400B15F76 /* AppDelegate.swift in Sources */ = {isa = PBXBuildFile; fileRef = 95C4809C2C1B2AB400B15F76 /* AppDelegate.swift */; };
		95C4809F2C1B2AB400B15F76 /* SceneDelegate.swift in Sources */ = {isa = PBXBuildFile; fileRef = 95C4809E2C1B2AB400B15F76 /* SceneDelegate.swift */; };
		95C480A12C1B2AB400B15F76 /* ViewController.swift in Sources */ = {isa = PBXBuildFile; fileRef = 95C480A02C1B2AB400B15F76 /* ViewController.swift */; };
		95C480A62C1B2AB500B15F76 /* Assets.xcassets in Resources */ = {isa = PBXBuildFile; fileRef = 95C480A52C1B2AB500B15F76 /* Assets.xcassets */; };
		95C480A92C1B2AB500B15F76 /* LaunchScreen.storyboard in Resources */ = {isa = PBXBuildFile; fileRef = 95C480A72C1B2AB500B15F76 /* LaunchScreen.storyboard */; };
		95C480B22C1BB6AB00B15F76 /* UIWeatherColor.swift in Sources */ = {isa = PBXBuildFile; fileRef = 95C480B12C1BB6AB00B15F76 /* UIWeatherColor.swift */; };
		95C480B42C1BB77E00B15F76 /* UIWeatherImage.swift in Sources */ = {isa = PBXBuildFile; fileRef = 95C480B32C1BB77E00B15F76 /* UIWeatherImage.swift */; };
/* End PBXBuildFile section */

/* Begin PBXFileReference section */
		95717BC22C20BA6500636E29 /* HourlyForecastViewCell.swift */ = {isa = PBXFileReference; lastKnownFileType = sourcecode.swift; path = HourlyForecastViewCell.swift; sourceTree = "<group>"; };
		95717BC42C20BE0800636E29 /* SetupViewContract.swift */ = {isa = PBXFileReference; lastKnownFileType = sourcecode.swift; path = SetupViewContract.swift; sourceTree = "<group>"; };
		95717BC92C20CAB400636E29 /* DailyForecastViewCell.swift */ = {isa = PBXFileReference; lastKnownFileType = sourcecode.swift; path = DailyForecastViewCell.swift; sourceTree = "<group>"; };
		95717BCC2C20D68D00636E29 /* UIView+Extensions.swift */ = {isa = PBXFileReference; lastKnownFileType = sourcecode.swift; path = "UIView+Extensions.swift"; sourceTree = "<group>"; };
		95C480992C1B2AB400B15F76 /* Weather App.app */ = {isa = PBXFileReference; explicitFileType = wrapper.application; includeInIndex = 0; path = "Weather App.app"; sourceTree = BUILT_PRODUCTS_DIR; };
		95C4809C2C1B2AB400B15F76 /* AppDelegate.swift */ = {isa = PBXFileReference; lastKnownFileType = sourcecode.swift; path = AppDelegate.swift; sourceTree = "<group>"; };
		95C4809E2C1B2AB400B15F76 /* SceneDelegate.swift */ = {isa = PBXFileReference; lastKnownFileType = sourcecode.swift; path = SceneDelegate.swift; sourceTree = "<group>"; };
		95C480A02C1B2AB400B15F76 /* ViewController.swift */ = {isa = PBXFileReference; lastKnownFileType = sourcecode.swift; path = ViewController.swift; sourceTree = "<group>"; };
		95C480A52C1B2AB500B15F76 /* Assets.xcassets */ = {isa = PBXFileReference; lastKnownFileType = folder.assetcatalog; path = Assets.xcassets; sourceTree = "<group>"; };
		95C480A82C1B2AB500B15F76 /* Base */ = {isa = PBXFileReference; lastKnownFileType = file.storyboard; name = Base; path = Base.lproj/LaunchScreen.storyboard; sourceTree = "<group>"; };
		95C480AA2C1B2AB600B15F76 /* Info.plist */ = {isa = PBXFileReference; lastKnownFileType = text.plist.xml; path = Info.plist; sourceTree = "<group>"; };
		95C480B12C1BB6AB00B15F76 /* UIWeatherColor.swift */ = {isa = PBXFileReference; lastKnownFileType = sourcecode.swift; path = UIWeatherColor.swift; sourceTree = "<group>"; };
		95C480B32C1BB77E00B15F76 /* UIWeatherImage.swift */ = {isa = PBXFileReference; lastKnownFileType = sourcecode.swift; path = UIWeatherImage.swift; sourceTree = "<group>"; };
/* End PBXFileReference section */

/* Begin PBXFrameworksBuildPhase section */
		95C480962C1B2AB400B15F76 /* Frameworks */ = {
			isa = PBXFrameworksBuildPhase;
			buildActionMask = 2147483647;
			files = (
			);
			runOnlyForDeploymentPostprocessing = 0;
		};
/* End PBXFrameworksBuildPhase section */

/* Begin PBXGroup section */
		95717BC62C20BF9A00636E29 /* Cells */ = {
			isa = PBXGroup;
			children = (
				95717BC22C20BA6500636E29 /* HourlyForecastViewCell.swift */,
				95717BC92C20CAB400636E29 /* DailyForecastViewCell.swift */,
			);
			path = Cells;
			sourceTree = "<group>";
		};
		95717BC82C20BFD900636E29 /* Contracts */ = {
			isa = PBXGroup;
			children = (
				95717BC42C20BE0800636E29 /* SetupViewContract.swift */,
			);
			path = Contracts;
			sourceTree = "<group>";
		};
		95717BCB2C20D67700636E29 /* Extensions */ = {
			isa = PBXGroup;
			children = (
				95717BCC2C20D68D00636E29 /* UIView+Extensions.swift */,
			);
			path = Extensions;
			sourceTree = "<group>";
		};
		95C480902C1B2AB300B15F76 = {
			isa = PBXGroup;
			children = (
				95C4809B2C1B2AB400B15F76 /* Weather App */,
				95C4809A2C1B2AB400B15F76 /* Products */,
			);
			sourceTree = "<group>";
		};
		95C4809A2C1B2AB400B15F76 /* Products */ = {
			isa = PBXGroup;
			children = (
				95C480992C1B2AB400B15F76 /* Weather App.app */,
			);
			name = Products;
			sourceTree = "<group>";
		};
		95C4809B2C1B2AB400B15F76 /* Weather App */ = {
			isa = PBXGroup;
			children = (
				95717BCB2C20D67700636E29 /* Extensions */,
				95717BC82C20BFD900636E29 /* Contracts */,
				95717BC62C20BF9A00636E29 /* Cells */,
				95C480B02C1BB67E00B15F76 /* Resources */,
				95C4809C2C1B2AB400B15F76 /* AppDelegate.swift */,
				95C4809E2C1B2AB400B15F76 /* SceneDelegate.swift */,
				95C480A02C1B2AB400B15F76 /* ViewController.swift */,
				95C480A52C1B2AB500B15F76 /* Assets.xcassets */,
				95C480A72C1B2AB500B15F76 /* LaunchScreen.storyboard */,
				95C480AA2C1B2AB600B15F76 /* Info.plist */,
			);
			path = "Weather App";
			sourceTree = "<group>";
		};
		95C480B02C1BB67E00B15F76 /* Resources */ = {
			isa = PBXGroup;
			children = (
				95C480B12C1BB6AB00B15F76 /* UIWeatherColor.swift */,
				95C480B32C1BB77E00B15F76 /* UIWeatherImage.swift */,
			);
			path = Resources;
			sourceTree = "<group>";
		};
/* End PBXGroup section */

/* Begin PBXNativeTarget section */
		95C480982C1B2AB400B15F76 /* Weather App */ = {
			isa = PBXNativeTarget;
			buildConfigurationList = 95C480AD2C1B2AB600B15F76 /* Build configuration list for PBXNativeTarget "Weather App" */;
			buildPhases = (
				95C480952C1B2AB400B15F76 /* Sources */,
				95C480962C1B2AB400B15F76 /* Frameworks */,
				95C480972C1B2AB400B15F76 /* Resources */,
			);
			buildRules = (
			);
			dependencies = (
			);
			name = "Weather App";
			productName = "Weather App";
			productReference = 95C480992C1B2AB400B15F76 /* Weather App.app */;
			productType = "com.apple.product-type.application";
		};
/* End PBXNativeTarget section */

/* Begin PBXProject section */
		95C480912C1B2AB300B15F76 /* Project object */ = {
			isa = PBXProject;
			attributes = {
				BuildIndependentTargetsInParallel = 1;
				LastSwiftUpdateCheck = 1500;
				LastUpgradeCheck = 1500;
				TargetAttributes = {
					95C480982C1B2AB400B15F76 = {
						CreatedOnToolsVersion = 15.0.1;
					};
				};
			};
			buildConfigurationList = 95C480942C1B2AB300B15F76 /* Build configuration list for PBXProject "Weather App" */;
			compatibilityVersion = "Xcode 14.0";
			developmentRegion = en;
			hasScannedForEncodings = 0;
			knownRegions = (
				en,
				Base,
			);
			mainGroup = 95C480902C1B2AB300B15F76;
			productRefGroup = 95C4809A2C1B2AB400B15F76 /* Products */;
			projectDirPath = "";
			projectRoot = "";
			targets = (
				95C480982C1B2AB400B15F76 /* Weather App */,
			);
		};
/* End PBXProject section */

/* Begin PBXResourcesBuildPhase section */
		95C480972C1B2AB400B15F76 /* Resources */ = {
			isa = PBXResourcesBuildPhase;
			buildActionMask = 2147483647;
			files = (
				95C480A92C1B2AB500B15F76 /* LaunchScreen.storyboard in Resources */,
				95C480A62C1B2AB500B15F76 /* Assets.xcassets in Resources */,
			);
			runOnlyForDeploymentPostprocessing = 0;
		};
/* End PBXResourcesBuildPhase section */

/* Begin PBXSourcesBuildPhase section */
		95C480952C1B2AB400B15F76 /* Sources */ = {
			isa = PBXSourcesBuildPhase;
			buildActionMask = 2147483647;
			files = (
				95C480B42C1BB77E00B15F76 /* UIWeatherImage.swift in Sources */,
				95717BC52C20BE0800636E29 /* SetupViewContract.swift in Sources */,
				95C480B22C1BB6AB00B15F76 /* UIWeatherColor.swift in Sources */,
				95717BCD2C20D68D00636E29 /* UIView+Extensions.swift in Sources */,
				95717BCA2C20CAB400636E29 /* DailyForecastViewCell.swift in Sources */,
				95C480A12C1B2AB400B15F76 /* ViewController.swift in Sources */,
				95C4809D2C1B2AB400B15F76 /* AppDelegate.swift in Sources */,
				95717BC32C20BA6500636E29 /* HourlyForecastViewCell.swift in Sources */,
				95C4809F2C1B2AB400B15F76 /* SceneDelegate.swift in Sources */,
			);
			runOnlyForDeploymentPostprocessing = 0;
		};
/* End PBXSourcesBuildPhase section */

/* Begin PBXVariantGroup section */
		95C480A72C1B2AB500B15F76 /* LaunchScreen.storyboard */ = {
			isa = PBXVariantGroup;
			children = (
				95C480A82C1B2AB500B15F76 /* Base */,
			);
			name = LaunchScreen.storyboard;
			sourceTree = "<group>";
		};
/* End PBXVariantGroup section */

/* Begin XCBuildConfiguration section */
		95C480AB2C1B2AB600B15F76 /* Debug */ = {
			isa = XCBuildConfiguration;
			buildSettings = {
				ALWAYS_SEARCH_USER_PATHS = NO;
				ASSETCATALOG_COMPILER_GENERATE_SWIFT_ASSET_SYMBOL_EXTENSIONS = YES;
				CLANG_ANALYZER_NONNULL = YES;
				CLANG_ANALYZER_NUMBER_OBJECT_CONVERSION = YES_AGGRESSIVE;
				CLANG_CXX_LANGUAGE_STANDARD = "gnu++20";
				CLANG_ENABLE_MODULES = YES;
				CLANG_ENABLE_OBJC_ARC = YES;
				CLANG_ENABLE_OBJC_WEAK = YES;
				CLANG_WARN_BLOCK_CAPTURE_AUTORELEASING = YES;
				CLANG_WARN_BOOL_CONVERSION = YES;
				CLANG_WARN_COMMA = YES;
				CLANG_WARN_CONSTANT_CONVERSION = YES;
				CLANG_WARN_DEPRECATED_OBJC_IMPLEMENTATIONS = YES;
				CLANG_WARN_DIRECT_OBJC_ISA_USAGE = YES_ERROR;
				CLANG_WARN_DOCUMENTATION_COMMENTS = YES;
				CLANG_WARN_EMPTY_BODY = YES;
				CLANG_WARN_ENUM_CONVERSION = YES;
				CLANG_WARN_INFINITE_RECURSION = YES;
				CLANG_WARN_INT_CONVERSION = YES;
				CLANG_WARN_NON_LITERAL_NULL_CONVERSION = YES;
				CLANG_WARN_OBJC_IMPLICIT_RETAIN_SELF = YES;
				CLANG_WARN_OBJC_LITERAL_CONVERSION = YES;
				CLANG_WARN_OBJC_ROOT_CLASS = YES_ERROR;
				CLANG_WARN_QUOTED_INCLUDE_IN_FRAMEWORK_HEADER = YES;
				CLANG_WARN_RANGE_LOOP_ANALYSIS = YES;
				CLANG_WARN_STRICT_PROTOTYPES = YES;
				CLANG_WARN_SUSPICIOUS_MOVE = YES;
				CLANG_WARN_UNGUARDED_AVAILABILITY = YES_AGGRESSIVE;
				CLANG_WARN_UNREACHABLE_CODE = YES;
				CLANG_WARN__DUPLICATE_METHOD_MATCH = YES;
				COPY_PHASE_STRIP = NO;
				DEBUG_INFORMATION_FORMAT = dwarf;
				ENABLE_STRICT_OBJC_MSGSEND = YES;
				ENABLE_TESTABILITY = YES;
				ENABLE_USER_SCRIPT_SANDBOXING = YES;
				GCC_C_LANGUAGE_STANDARD = gnu17;
				GCC_DYNAMIC_NO_PIC = NO;
				GCC_NO_COMMON_BLOCKS = YES;
				GCC_OPTIMIZATION_LEVEL = 0;
				GCC_PREPROCESSOR_DEFINITIONS = (
					"DEBUG=1",
					"$(inherited)",
				);
				GCC_WARN_64_TO_32_BIT_CONVERSION = YES;
				GCC_WARN_ABOUT_RETURN_TYPE = YES_ERROR;
				GCC_WARN_UNDECLARED_SELECTOR = YES;
				GCC_WARN_UNINITIALIZED_AUTOS = YES_AGGRESSIVE;
				GCC_WARN_UNUSED_FUNCTION = YES;
				GCC_WARN_UNUSED_VARIABLE = YES;
				IPHONEOS_DEPLOYMENT_TARGET = 17.0;
				LOCALIZATION_PREFERS_STRING_CATALOGS = YES;
				MTL_ENABLE_DEBUG_INFO = INCLUDE_SOURCE;
				MTL_FAST_MATH = YES;
				ONLY_ACTIVE_ARCH = YES;
				SDKROOT = iphoneos;
				SWIFT_ACTIVE_COMPILATION_CONDITIONS = "DEBUG $(inherited)";
				SWIFT_OPTIMIZATION_LEVEL = "-Onone";
			};
			name = Debug;
		};
		95C480AC2C1B2AB600B15F76 /* Release */ = {
			isa = XCBuildConfiguration;
			buildSettings = {
				ALWAYS_SEARCH_USER_PATHS = NO;
				ASSETCATALOG_COMPILER_GENERATE_SWIFT_ASSET_SYMBOL_EXTENSIONS = YES;
				CLANG_ANALYZER_NONNULL = YES;
				CLANG_ANALYZER_NUMBER_OBJECT_CONVERSION = YES_AGGRESSIVE;
				CLANG_CXX_LANGUAGE_STANDARD = "gnu++20";
				CLANG_ENABLE_MODULES = YES;
				CLANG_ENABLE_OBJC_ARC = YES;
				CLANG_ENABLE_OBJC_WEAK = YES;
				CLANG_WARN_BLOCK_CAPTURE_AUTORELEASING = YES;
				CLANG_WARN_BOOL_CONVERSION = YES;
				CLANG_WARN_COMMA = YES;
				CLANG_WARN_CONSTANT_CONVERSION = YES;
				CLANG_WARN_DEPRECATED_OBJC_IMPLEMENTATIONS = YES;
				CLANG_WARN_DIRECT_OBJC_ISA_USAGE = YES_ERROR;
				CLANG_WARN_DOCUMENTATION_COMMENTS = YES;
				CLANG_WARN_EMPTY_BODY = YES;
				CLANG_WARN_ENUM_CONVERSION = YES;
				CLANG_WARN_INFINITE_RECURSION = YES;
				CLANG_WARN_INT_CONVERSION = YES;
				CLANG_WARN_NON_LITERAL_NULL_CONVERSION = YES;
				CLANG_WARN_OBJC_IMPLICIT_RETAIN_SELF = YES;
				CLANG_WARN_OBJC_LITERAL_CONVERSION = YES;
				CLANG_WARN_OBJC_ROOT_CLASS = YES_ERROR;
				CLANG_WARN_QUOTED_INCLUDE_IN_FRAMEWORK_HEADER = YES;
				CLANG_WARN_RANGE_LOOP_ANALYSIS = YES;
				CLANG_WARN_STRICT_PROTOTYPES = YES;
				CLANG_WARN_SUSPICIOUS_MOVE = YES;
				CLANG_WARN_UNGUARDED_AVAILABILITY = YES_AGGRESSIVE;
				CLANG_WARN_UNREACHABLE_CODE = YES;
				CLANG_WARN__DUPLICATE_METHOD_MATCH = YES;
				COPY_PHASE_STRIP = NO;
				DEBUG_INFORMATION_FORMAT = "dwarf-with-dsym";
				ENABLE_NS_ASSERTIONS = NO;
				ENABLE_STRICT_OBJC_MSGSEND = YES;
				ENABLE_USER_SCRIPT_SANDBOXING = YES;
				GCC_C_LANGUAGE_STANDARD = gnu17;
				GCC_NO_COMMON_BLOCKS = YES;
				GCC_WARN_64_TO_32_BIT_CONVERSION = YES;
				GCC_WARN_ABOUT_RETURN_TYPE = YES_ERROR;
				GCC_WARN_UNDECLARED_SELECTOR = YES;
				GCC_WARN_UNINITIALIZED_AUTOS = YES_AGGRESSIVE;
				GCC_WARN_UNUSED_FUNCTION = YES;
				GCC_WARN_UNUSED_VARIABLE = YES;
				IPHONEOS_DEPLOYMENT_TARGET = 17.0;
				LOCALIZATION_PREFERS_STRING_CATALOGS = YES;
				MTL_ENABLE_DEBUG_INFO = NO;
				MTL_FAST_MATH = YES;
				SDKROOT = iphoneos;
				SWIFT_COMPILATION_MODE = wholemodule;
				VALIDATE_PRODUCT = YES;
			};
			name = Release;
		};
		95C480AE2C1B2AB600B15F76 /* Debug */ = {
			isa = XCBuildConfiguration;
			buildSettings = {
				ASSETCATALOG_COMPILER_APPICON_NAME = AppIcon;
				ASSETCATALOG_COMPILER_GLOBAL_ACCENT_COLOR_NAME = AccentColor;
				CODE_SIGN_STYLE = Automatic;
				CURRENT_PROJECT_VERSION = 1;
				DEVELOPMENT_TEAM = 24XM7WK3VJ;
				GENERATE_INFOPLIST_FILE = YES;
				INFOPLIST_FILE = "Weather App/Info.plist";
				INFOPLIST_KEY_UIApplicationSupportsIndirectInputEvents = YES;
				INFOPLIST_KEY_UILaunchStoryboardName = LaunchScreen;
				INFOPLIST_KEY_UISupportedInterfaceOrientations_iPad = "UIInterfaceOrientationPortrait UIInterfaceOrientationPortraitUpsideDown UIInterfaceOrientationLandscapeLeft UIInterfaceOrientationLandscapeRight";
				INFOPLIST_KEY_UISupportedInterfaceOrientations_iPhone = "UIInterfaceOrientationPortrait UIInterfaceOrientationLandscapeLeft UIInterfaceOrientationLandscapeRight";
				LD_RUNPATH_SEARCH_PATHS = (
					"$(inherited)",
					"@executable_path/Frameworks",
				);
				MARKETING_VERSION = 1.0;
				PRODUCT_BUNDLE_IDENTIFIER = "distein.Weather-App";
				PRODUCT_NAME = "$(TARGET_NAME)";
				SWIFT_EMIT_LOC_STRINGS = YES;
				SWIFT_VERSION = 5.0;
				TARGETED_DEVICE_FAMILY = "1,2";
			};
			name = Debug;
		};
		95C480AF2C1B2AB600B15F76 /* Release */ = {
			isa = XCBuildConfiguration;
			buildSettings = {
				ASSETCATALOG_COMPILER_APPICON_NAME = AppIcon;
				ASSETCATALOG_COMPILER_GLOBAL_ACCENT_COLOR_NAME = AccentColor;
				CODE_SIGN_STYLE = Automatic;
				CURRENT_PROJECT_VERSION = 1;
				DEVELOPMENT_TEAM = 24XM7WK3VJ;
				GENERATE_INFOPLIST_FILE = YES;
				INFOPLIST_FILE = "Weather App/Info.plist";
				INFOPLIST_KEY_UIApplicationSupportsIndirectInputEvents = YES;
				INFOPLIST_KEY_UILaunchStoryboardName = LaunchScreen;
				INFOPLIST_KEY_UISupportedInterfaceOrientations_iPad = "UIInterfaceOrientationPortrait UIInterfaceOrientationPortraitUpsideDown UIInterfaceOrientationLandscapeLeft UIInterfaceOrientationLandscapeRight";
				INFOPLIST_KEY_UISupportedInterfaceOrientations_iPhone = "UIInterfaceOrientationPortrait UIInterfaceOrientationLandscapeLeft UIInterfaceOrientationLandscapeRight";
				LD_RUNPATH_SEARCH_PATHS = (
					"$(inherited)",
					"@executable_path/Frameworks",
				);
				MARKETING_VERSION = 1.0;
				PRODUCT_BUNDLE_IDENTIFIER = "distein.Weather-App";
				PRODUCT_NAME = "$(TARGET_NAME)";
				SWIFT_EMIT_LOC_STRINGS = YES;
				SWIFT_VERSION = 5.0;
				TARGETED_DEVICE_FAMILY = "1,2";
			};
			name = Release;
		};
/* End XCBuildConfiguration section */

/* Begin XCConfigurationList section */
		95C480942C1B2AB300B15F76 /* Build configuration list for PBXProject "Weather App" */ = {
			isa = XCConfigurationList;
			buildConfigurations = (
				95C480AB2C1B2AB600B15F76 /* Debug */,
				95C480AC2C1B2AB600B15F76 /* Release */,
			);
			defaultConfigurationIsVisible = 0;
			defaultConfigurationName = Release;
		};
		95C480AD2C1B2AB600B15F76 /* Build configuration list for PBXNativeTarget "Weather App" */ = {
			isa = XCConfigurationList;
			buildConfigurations = (
				95C480AE2C1B2AB600B15F76 /* Debug */,
				95C480AF2C1B2AB600B15F76 /* Release */,
			);
			defaultConfigurationIsVisible = 0;
			defaultConfigurationName = Release;
		};
/* End XCConfigurationList section */
	};
	rootObject = 95C480912C1B2AB300B15F76 /* Project object */;
}
